
Microsoft Visual Studio Solution File, Format Version 12.00
# Visual Studio 15
VisualStudioVersion = 15.0.27130.2010
MinimumVisualStudioVersion = 10.0.40219.1
Project("{FAE04EC0-301F-11D3-BF4B-00C04F79EFBC}") = "Silas", "Silas\Silas.csproj", "{6788BCDD-B39F-43B3-A174-C3BD82B939EF}"
EndProject
Global
	GlobalSection(SolutionConfigurationPlatforms) = preSolution
		Debug|Any CPU = Debug|Any CPU
		Release|Any CPU = Release|Any CPU
	EndGlobalSection
	GlobalSection(ProjectConfigurationPlatforms) = postSolution
		{6788BCDD-B39F-43B3-A174-C3BD82B939EF}.Debug|Any CPU.ActiveCfg = Debug|Any CPU
		{6788BCDD-B39F-43B3-A174-C3BD82B939EF}.Debug|Any CPU.Build.0 = Debug|Any CPU
		{6788BCDD-B39F-43B3-A174-C3BD82B939EF}.Release|Any CPU.ActiveCfg = Release|Any CPU
		{6788BCDD-B39F-43B3-A174-C3BD82B939EF}.Release|Any CPU.Build.0 = Release|Any CPU
	EndGlobalSection
	GlobalSection(SolutionProperties) = preSolution
		HideSolutionNode = FALSE
	EndGlobalSection
	GlobalSection(ExtensibilityGlobals) = postSolution
		SolutionGuid = {555FBA39-FDBB-4DD4-A5F8-EBBF48094C1D}
	EndGlobalSection
EndGlobal
